
Microsoft Visual Studio Solution File, Format Version 12.00
# Visual Studio Version 17
VisualStudioVersion = 17.8.34322.80
MinimumVisualStudioVersion = 10.0.40219.1
Project("{FAE04EC0-301F-11D3-BF4B-00C04F79EFBC}") = "assignment4", "assignment4\assignment4.csproj", "{2C89FF60-DB1A-455A-83FE-A5D28F5F2C6D}"
EndProject
Global
	GlobalSection(SolutionConfigurationPlatforms) = preSolution
		Debug|Any CPU = Debug|Any CPU
		Release|Any CPU = Release|Any CPU
	EndGlobalSection
	GlobalSection(ProjectConfigurationPlatforms) = postSolution
		{2C89FF60-DB1A-455A-83FE-A5D28F5F2C6D}.Debug|Any CPU.ActiveCfg = Debug|Any CPU
		{2C89FF60-DB1A-455A-83FE-A5D28F5F2C6D}.Debug|Any CPU.Build.0 = Debug|Any CPU
		{2C89FF60-DB1A-455A-83FE-A5D28F5F2C6D}.Release|Any CPU.ActiveCfg = Release|Any CPU
		{2C89FF60-DB1A-455A-83FE-A5D28F5F2C6D}.Release|Any CPU.Build.0 = Release|Any CPU
	EndGlobalSection
	GlobalSection(SolutionProperties) = preSolution
		HideSolutionNode = FALSE
	EndGlobalSection
	GlobalSection(ExtensibilityGlobals) = postSolution
		SolutionGuid = {F27B285B-280B-454B-8A1E-05D625ECB8B7}
	EndGlobalSection
EndGlobal
